// !$*UTF8*$!
{
	archiveVersion = 1;
	classes = {
	};
	objectVersion = 56;
	objects = {

/* Begin PBXBuildFile section */
		335670F12A31F1140028FA8B /* AppDelegate.swift in Sources */ = {isa = PBXBuildFile; fileRef = 335670F02A31F1140028FA8B /* AppDelegate.swift */; };
		335670F32A31F1140028FA8B /* SceneDelegate.swift in Sources */ = {isa = PBXBuildFile; fileRef = 335670F22A31F1140028FA8B /* SceneDelegate.swift */; };
		335670F52A31F1140028FA8B /* TabBarController.swift in Sources */ = {isa = PBXBuildFile; fileRef = 335670F42A31F1140028FA8B /* TabBarController.swift */; };
		335670FA2A31F1150028FA8B /* Assets.xcassets in Resources */ = {isa = PBXBuildFile; fileRef = 335670F92A31F1150028FA8B /* Assets.xcassets */; };
		335670FD2A31F1150028FA8B /* LaunchScreen.storyboard in Resources */ = {isa = PBXBuildFile; fileRef = 335670FB2A31F1150028FA8B /* LaunchScreen.storyboard */; };
		335671062A31F1660028FA8B /* Alamofire in Frameworks */ = {isa = PBXBuildFile; productRef = 335671052A31F1660028FA8B /* Alamofire */; };
		335671092A31F1750028FA8B /* SnapKit in Frameworks */ = {isa = PBXBuildFile; productRef = 335671082A31F1750028FA8B /* SnapKit */; };
		3356710B2A31F9480028FA8B /* TranslateVC.swift in Sources */ = {isa = PBXBuildFile; fileRef = 3356710A2A31F9480028FA8B /* TranslateVC.swift */; };
		335671102A32EDC00028FA8B /* UIColor+.swift in Sources */ = {isa = PBXBuildFile; fileRef = 3356710F2A32EDC00028FA8B /* UIColor+.swift */; };
		335671122A3328AC0028FA8B /* SourceTextVC.swift in Sources */ = {isa = PBXBuildFile; fileRef = 335671112A3328AC0028FA8B /* SourceTextVC.swift */; };
		335E979F2A34E6DA007AC2E9 /* BookmarkCell.swift in Sources */ = {isa = PBXBuildFile; fileRef = 335E979E2A34E6DA007AC2E9 /* BookmarkCell.swift */; };
		335E97A12A34EA24007AC2E9 /* BookmarkTextStackView.swift in Sources */ = {isa = PBXBuildFile; fileRef = 335E97A02A34EA24007AC2E9 /* BookmarkTextStackView.swift */; };
		335E97A32A34ECBF007AC2E9 /* Type.swift in Sources */ = {isa = PBXBuildFile; fileRef = 335E97A22A34ECBF007AC2E9 /* Type.swift */; };
		336078DD2A34671500E846DB /* Language.swift in Sources */ = {isa = PBXBuildFile; fileRef = 336078DC2A34671500E846DB /* Language.swift */; };
		336078DF2A346B3300E846DB /* Bookmark.swift in Sources */ = {isa = PBXBuildFile; fileRef = 336078DE2A346B3300E846DB /* Bookmark.swift */; };
		336078E12A3488A000E846DB /* UserDefaults+.swift in Sources */ = {isa = PBXBuildFile; fileRef = 336078E02A3488A000E846DB /* UserDefaults+.swift */; };
		336078E42A348E6D00E846DB /* BookmarkListVC.swift in Sources */ = {isa = PBXBuildFile; fileRef = 336078E32A348E6D00E846DB /* BookmarkListVC.swift */; };
		336EDAE22A35C6B3001C31DA /* TranslateRequest.swift in Sources */ = {isa = PBXBuildFile; fileRef = 336EDAE12A35C6B3001C31DA /* TranslateRequest.swift */; };
		336EDAE42A361403001C31DA /* TranslateResponse.swift in Sources */ = {isa = PBXBuildFile; fileRef = 336EDAE32A361403001C31DA /* TranslateResponse.swift */; };
		336EDAE62A3618C9001C31DA /* TranslatorManager.swift in Sources */ = {isa = PBXBuildFile; fileRef = 336EDAE52A3618C9001C31DA /* TranslatorManager.swift */; };
		336EDAE92A36356D001C31DA /* Data.swift in Sources */ = {isa = PBXBuildFile; fileRef = 336EDAE82A36356D001C31DA /* Data.swift */; };
/* End PBXBuildFile section */

/* Begin PBXFileReference section */
		335670ED2A31F1140028FA8B /* Translate.app */ = {isa = PBXFileReference; explicitFileType = wrapper.application; includeInIndex = 0; path = Translate.app; sourceTree = BUILT_PRODUCTS_DIR; };
		335670F02A31F1140028FA8B /* AppDelegate.swift */ = {isa = PBXFileReference; lastKnownFileType = sourcecode.swift; path = AppDelegate.swift; sourceTree = "<group>"; };
		335670F22A31F1140028FA8B /* SceneDelegate.swift */ = {isa = PBXFileReference; lastKnownFileType = sourcecode.swift; path = SceneDelegate.swift; sourceTree = "<group>"; };
		335670F42A31F1140028FA8B /* TabBarController.swift */ = {isa = PBXFileReference; lastKnownFileType = sourcecode.swift; path = TabBarController.swift; sourceTree = "<group>"; };
		335670F92A31F1150028FA8B /* Assets.xcassets */ = {isa = PBXFileReference; lastKnownFileType = folder.assetcatalog; path = Assets.xcassets; sourceTree = "<group>"; };
		335670FC2A31F1150028FA8B /* Base */ = {isa = PBXFileReference; lastKnownFileType = file.storyboard; name = Base; path = Base.lproj/LaunchScreen.storyboard; sourceTree = "<group>"; };
		335670FE2A31F1150028FA8B /* Info.plist */ = {isa = PBXFileReference; lastKnownFileType = text.plist.xml; path = Info.plist; sourceTree = "<group>"; };
		3356710A2A31F9480028FA8B /* TranslateVC.swift */ = {isa = PBXFileReference; lastKnownFileType = sourcecode.swift; path = TranslateVC.swift; sourceTree = "<group>"; };
		3356710F2A32EDC00028FA8B /* UIColor+.swift */ = {isa = PBXFileReference; lastKnownFileType = sourcecode.swift; path = "UIColor+.swift"; sourceTree = "<group>"; };
		335671112A3328AC0028FA8B /* SourceTextVC.swift */ = {isa = PBXFileReference; lastKnownFileType = sourcecode.swift; path = SourceTextVC.swift; sourceTree = "<group>"; };
		335E979E2A34E6DA007AC2E9 /* BookmarkCell.swift */ = {isa = PBXFileReference; lastKnownFileType = sourcecode.swift; path = BookmarkCell.swift; sourceTree = "<group>"; };
		335E97A02A34EA24007AC2E9 /* BookmarkTextStackView.swift */ = {isa = PBXFileReference; lastKnownFileType = sourcecode.swift; path = BookmarkTextStackView.swift; sourceTree = "<group>"; };
		335E97A22A34ECBF007AC2E9 /* Type.swift */ = {isa = PBXFileReference; lastKnownFileType = sourcecode.swift; path = Type.swift; sourceTree = "<group>"; };
		336078DC2A34671500E846DB /* Language.swift */ = {isa = PBXFileReference; lastKnownFileType = sourcecode.swift; path = Language.swift; sourceTree = "<group>"; };
		336078DE2A346B3300E846DB /* Bookmark.swift */ = {isa = PBXFileReference; lastKnownFileType = sourcecode.swift; path = Bookmark.swift; sourceTree = "<group>"; };
		336078E02A3488A000E846DB /* UserDefaults+.swift */ = {isa = PBXFileReference; lastKnownFileType = sourcecode.swift; path = "UserDefaults+.swift"; sourceTree = "<group>"; };
		336078E32A348E6D00E846DB /* BookmarkListVC.swift */ = {isa = PBXFileReference; lastKnownFileType = sourcecode.swift; path = BookmarkListVC.swift; sourceTree = "<group>"; };
		336EDAE12A35C6B3001C31DA /* TranslateRequest.swift */ = {isa = PBXFileReference; lastKnownFileType = sourcecode.swift; path = TranslateRequest.swift; sourceTree = "<group>"; };
		336EDAE32A361403001C31DA /* TranslateResponse.swift */ = {isa = PBXFileReference; lastKnownFileType = sourcecode.swift; path = TranslateResponse.swift; sourceTree = "<group>"; };
		336EDAE52A3618C9001C31DA /* TranslatorManager.swift */ = {isa = PBXFileReference; lastKnownFileType = sourcecode.swift; path = TranslatorManager.swift; sourceTree = "<group>"; };
		336EDAE82A36356D001C31DA /* Data.swift */ = {isa = PBXFileReference; lastKnownFileType = sourcecode.swift; path = Data.swift; sourceTree = "<group>"; };
/* End PBXFileReference section */

/* Begin PBXFrameworksBuildPhase section */
		335670EA2A31F1140028FA8B /* Frameworks */ = {
			isa = PBXFrameworksBuildPhase;
			buildActionMask = 2147483647;
			files = (
				335671062A31F1660028FA8B /* Alamofire in Frameworks */,
				335671092A31F1750028FA8B /* SnapKit in Frameworks */,
			);
			runOnlyForDeploymentPostprocessing = 0;
		};
/* End PBXFrameworksBuildPhase section */

/* Begin PBXGroup section */
		335670E42A31F1140028FA8B = {
			isa = PBXGroup;
			children = (
				335670EF2A31F1140028FA8B /* Translate */,
				335670EE2A31F1140028FA8B /* Products */,
			);
			sourceTree = "<group>";
		};
		335670EE2A31F1140028FA8B /* Products */ = {
			isa = PBXGroup;
			children = (
				335670ED2A31F1140028FA8B /* Translate.app */,
			);
			name = Products;
			sourceTree = "<group>";
		};
		335670EF2A31F1140028FA8B /* Translate */ = {
			isa = PBXGroup;
			children = (
				335670F02A31F1140028FA8B /* AppDelegate.swift */,
				335670F22A31F1140028FA8B /* SceneDelegate.swift */,
				336EDAE82A36356D001C31DA /* Data.swift */,
				336EDAE72A3618D5001C31DA /* Managers */,
				336EDAE02A359D49001C31DA /* Models */,
				336078E22A3488BA00E846DB /* Extension */,
				3356710C2A31F9710028FA8B /* Scene */,
				335670F92A31F1150028FA8B /* Assets.xcassets */,
				335670FB2A31F1150028FA8B /* LaunchScreen.storyboard */,
				335670FE2A31F1150028FA8B /* Info.plist */,
			);
			path = Translate;
			sourceTree = "<group>";
		};
		3356710C2A31F9710028FA8B /* Scene */ = {
			isa = PBXGroup;
			children = (
				335670F42A31F1140028FA8B /* TabBarController.swift */,
				335671132A332AAB0028FA8B /* Translate */,
				335E97A42A34ECD7007AC2E9 /* Bookmark */,
			);
			path = Scene;
			sourceTree = "<group>";
		};
		335671132A332AAB0028FA8B /* Translate */ = {
			isa = PBXGroup;
			children = (
				3356710A2A31F9480028FA8B /* TranslateVC.swift */,
				335671112A3328AC0028FA8B /* SourceTextVC.swift */,
			);
			path = Translate;
			sourceTree = "<group>";
		};
		335E97A42A34ECD7007AC2E9 /* Bookmark */ = {
			isa = PBXGroup;
			children = (
				336078E32A348E6D00E846DB /* BookmarkListVC.swift */,
				335E979E2A34E6DA007AC2E9 /* BookmarkCell.swift */,
				335E97A02A34EA24007AC2E9 /* BookmarkTextStackView.swift */,
			);
			path = Bookmark;
			sourceTree = "<group>";
		};
		336078E22A3488BA00E846DB /* Extension */ = {
			isa = PBXGroup;
			children = (
				3356710F2A32EDC00028FA8B /* UIColor+.swift */,
				336078E02A3488A000E846DB /* UserDefaults+.swift */,
			);
			path = Extension;
			sourceTree = "<group>";
		};
		336EDAE02A359D49001C31DA /* Models */ = {
			isa = PBXGroup;
			children = (
				336078DC2A34671500E846DB /* Language.swift */,
				336078DE2A346B3300E846DB /* Bookmark.swift */,
				335E97A22A34ECBF007AC2E9 /* Type.swift */,
				336EDAE12A35C6B3001C31DA /* TranslateRequest.swift */,
				336EDAE32A361403001C31DA /* TranslateResponse.swift */,
			);
			path = Models;
			sourceTree = "<group>";
		};
		336EDAE72A3618D5001C31DA /* Managers */ = {
			isa = PBXGroup;
			children = (
				336EDAE52A3618C9001C31DA /* TranslatorManager.swift */,
			);
			path = Managers;
			sourceTree = "<group>";
		};
/* End PBXGroup section */

/* Begin PBXNativeTarget section */
		335670EC2A31F1140028FA8B /* Translate */ = {
			isa = PBXNativeTarget;
			buildConfigurationList = 335671012A31F1150028FA8B /* Build configuration list for PBXNativeTarget "Translate" */;
			buildPhases = (
				335670E92A31F1140028FA8B /* Sources */,
				335670EA2A31F1140028FA8B /* Frameworks */,
				335670EB2A31F1140028FA8B /* Resources */,
			);
			buildRules = (
			);
			dependencies = (
			);
			name = Translate;
			packageProductDependencies = (
				335671052A31F1660028FA8B /* Alamofire */,
				335671082A31F1750028FA8B /* SnapKit */,
			);
			productName = Translate;
			productReference = 335670ED2A31F1140028FA8B /* Translate.app */;
			productType = "com.apple.product-type.application";
		};
/* End PBXNativeTarget section */

/* Begin PBXProject section */
		335670E52A31F1140028FA8B /* Project object */ = {
			isa = PBXProject;
			attributes = {
				BuildIndependentTargetsInParallel = 1;
				LastSwiftUpdateCheck = 1430;
				LastUpgradeCheck = 1430;
				TargetAttributes = {
					335670EC2A31F1140028FA8B = {
						CreatedOnToolsVersion = 14.3.1;
					};
				};
			};
			buildConfigurationList = 335670E82A31F1140028FA8B /* Build configuration list for PBXProject "Translate" */;
			compatibilityVersion = "Xcode 14.0";
			developmentRegion = en;
			hasScannedForEncodings = 0;
			knownRegions = (
				en,
				Base,
			);
			mainGroup = 335670E42A31F1140028FA8B;
			packageReferences = (
				335671042A31F1660028FA8B /* XCRemoteSwiftPackageReference "Alamofire" */,
				335671072A31F1750028FA8B /* XCRemoteSwiftPackageReference "SnapKit" */,
			);
			productRefGroup = 335670EE2A31F1140028FA8B /* Products */;
			projectDirPath = "";
			projectRoot = "";
			targets = (
				335670EC2A31F1140028FA8B /* Translate */,
			);
		};
/* End PBXProject section */

/* Begin PBXResourcesBuildPhase section */
		335670EB2A31F1140028FA8B /* Resources */ = {
			isa = PBXResourcesBuildPhase;
			buildActionMask = 2147483647;
			files = (
				335670FD2A31F1150028FA8B /* LaunchScreen.storyboard in Resources */,
				335670FA2A31F1150028FA8B /* Assets.xcassets in Resources */,
			);
			runOnlyForDeploymentPostprocessing = 0;
		};
/* End PBXResourcesBuildPhase section */

/* Begin PBXSourcesBuildPhase section */
		335670E92A31F1140028FA8B /* Sources */ = {
			isa = PBXSourcesBuildPhase;
			buildActionMask = 2147483647;
			files = (
				335670F52A31F1140028FA8B /* TabBarController.swift in Sources */,
				335671122A3328AC0028FA8B /* SourceTextVC.swift in Sources */,
				336078E12A3488A000E846DB /* UserDefaults+.swift in Sources */,
				335670F12A31F1140028FA8B /* AppDelegate.swift in Sources */,
				335670F32A31F1140028FA8B /* SceneDelegate.swift in Sources */,
				336EDAE42A361403001C31DA /* TranslateResponse.swift in Sources */,
				336078DD2A34671500E846DB /* Language.swift in Sources */,
				336EDAE62A3618C9001C31DA /* TranslatorManager.swift in Sources */,
				336078E42A348E6D00E846DB /* BookmarkListVC.swift in Sources */,
				335E97A32A34ECBF007AC2E9 /* Type.swift in Sources */,
				336EDAE22A35C6B3001C31DA /* TranslateRequest.swift in Sources */,
				335E97A12A34EA24007AC2E9 /* BookmarkTextStackView.swift in Sources */,
				3356710B2A31F9480028FA8B /* TranslateVC.swift in Sources */,
				335E979F2A34E6DA007AC2E9 /* BookmarkCell.swift in Sources */,
				336EDAE92A36356D001C31DA /* Data.swift in Sources */,
				335671102A32EDC00028FA8B /* UIColor+.swift in Sources */,
				336078DF2A346B3300E846DB /* Bookmark.swift in Sources */,
			);
			runOnlyForDeploymentPostprocessing = 0;
		};
/* End PBXSourcesBuildPhase section */

/* Begin PBXVariantGroup section */
		335670FB2A31F1150028FA8B /* LaunchScreen.storyboard */ = {
			isa = PBXVariantGroup;
			children = (
				335670FC2A31F1150028FA8B /* Base */,
			);
			name = LaunchScreen.storyboard;
			sourceTree = "<group>";
		};
/* End PBXVariantGroup section */

/* Begin XCBuildConfiguration section */
		335670FF2A31F1150028FA8B /* Debug */ = {
			isa = XCBuildConfiguration;
			buildSettings = {
				ALWAYS_SEARCH_USER_PATHS = NO;
				CLANG_ANALYZER_NONNULL = YES;
				CLANG_ANALYZER_NUMBER_OBJECT_CONVERSION = YES_AGGRESSIVE;
				CLANG_CXX_LANGUAGE_STANDARD = "gnu++20";
				CLANG_ENABLE_MODULES = YES;
				CLANG_ENABLE_OBJC_ARC = YES;
				CLANG_ENABLE_OBJC_WEAK = YES;
				CLANG_WARN_BLOCK_CAPTURE_AUTORELEASING = YES;
				CLANG_WARN_BOOL_CONVERSION = YES;
				CLANG_WARN_COMMA = YES;
				CLANG_WARN_CONSTANT_CONVERSION = YES;
				CLANG_WARN_DEPRECATED_OBJC_IMPLEMENTATIONS = YES;
				CLANG_WARN_DIRECT_OBJC_ISA_USAGE = YES_ERROR;
				CLANG_WARN_DOCUMENTATION_COMMENTS = YES;
				CLANG_WARN_EMPTY_BODY = YES;
				CLANG_WARN_ENUM_CONVERSION = YES;
				CLANG_WARN_INFINITE_RECURSION = YES;
				CLANG_WARN_INT_CONVERSION = YES;
				CLANG_WARN_NON_LITERAL_NULL_CONVERSION = YES;
				CLANG_WARN_OBJC_IMPLICIT_RETAIN_SELF = YES;
				CLANG_WARN_OBJC_LITERAL_CONVERSION = YES;
				CLANG_WARN_OBJC_ROOT_CLASS = YES_ERROR;
				CLANG_WARN_QUOTED_INCLUDE_IN_FRAMEWORK_HEADER = YES;
				CLANG_WARN_RANGE_LOOP_ANALYSIS = YES;
				CLANG_WARN_STRICT_PROTOTYPES = YES;
				CLANG_WARN_SUSPICIOUS_MOVE = YES;
				CLANG_WARN_UNGUARDED_AVAILABILITY = YES_AGGRESSIVE;
				CLANG_WARN_UNREACHABLE_CODE = YES;
				CLANG_WARN__DUPLICATE_METHOD_MATCH = YES;
				COPY_PHASE_STRIP = NO;
				DEBUG_INFORMATION_FORMAT = dwarf;
				ENABLE_STRICT_OBJC_MSGSEND = YES;
				ENABLE_TESTABILITY = YES;
				GCC_C_LANGUAGE_STANDARD = gnu11;
				GCC_DYNAMIC_NO_PIC = NO;
				GCC_NO_COMMON_BLOCKS = YES;
				GCC_OPTIMIZATION_LEVEL = 0;
				GCC_PREPROCESSOR_DEFINITIONS = (
					"DEBUG=1",
					"$(inherited)",
				);
				GCC_WARN_64_TO_32_BIT_CONVERSION = YES;
				GCC_WARN_ABOUT_RETURN_TYPE = YES_ERROR;
				GCC_WARN_UNDECLARED_SELECTOR = YES;
				GCC_WARN_UNINITIALIZED_AUTOS = YES_AGGRESSIVE;
				GCC_WARN_UNUSED_FUNCTION = YES;
				GCC_WARN_UNUSED_VARIABLE = YES;
				IPHONEOS_DEPLOYMENT_TARGET = 16.4;
				MTL_ENABLE_DEBUG_INFO = INCLUDE_SOURCE;
				MTL_FAST_MATH = YES;
				ONLY_ACTIVE_ARCH = YES;
				SDKROOT = iphoneos;
				SWIFT_ACTIVE_COMPILATION_CONDITIONS = DEBUG;
				SWIFT_OPTIMIZATION_LEVEL = "-Onone";
			};
			name = Debug;
		};
		335671002A31F1150028FA8B /* Release */ = {
			isa = XCBuildConfiguration;
			buildSettings = {
				ALWAYS_SEARCH_USER_PATHS = NO;
				CLANG_ANALYZER_NONNULL = YES;
				CLANG_ANALYZER_NUMBER_OBJECT_CONVERSION = YES_AGGRESSIVE;
				CLANG_CXX_LANGUAGE_STANDARD = "gnu++20";
				CLANG_ENABLE_MODULES = YES;
				CLANG_ENABLE_OBJC_ARC = YES;
				CLANG_ENABLE_OBJC_WEAK = YES;
				CLANG_WARN_BLOCK_CAPTURE_AUTORELEASING = YES;
				CLANG_WARN_BOOL_CONVERSION = YES;
				CLANG_WARN_COMMA = YES;
				CLANG_WARN_CONSTANT_CONVERSION = YES;
				CLANG_WARN_DEPRECATED_OBJC_IMPLEMENTATIONS = YES;
				CLANG_WARN_DIRECT_OBJC_ISA_USAGE = YES_ERROR;
				CLANG_WARN_DOCUMENTATION_COMMENTS = YES;
				CLANG_WARN_EMPTY_BODY = YES;
				CLANG_WARN_ENUM_CONVERSION = YES;
				CLANG_WARN_INFINITE_RECURSION = YES;
				CLANG_WARN_INT_CONVERSION = YES;
				CLANG_WARN_NON_LITERAL_NULL_CONVERSION = YES;
				CLANG_WARN_OBJC_IMPLICIT_RETAIN_SELF = YES;
				CLANG_WARN_OBJC_LITERAL_CONVERSION = YES;
				CLANG_WARN_OBJC_ROOT_CLASS = YES_ERROR;
				CLANG_WARN_QUOTED_INCLUDE_IN_FRAMEWORK_HEADER = YES;
				CLANG_WARN_RANGE_LOOP_ANALYSIS = YES;
				CLANG_WARN_STRICT_PROTOTYPES = YES;
				CLANG_WARN_SUSPICIOUS_MOVE = YES;
				CLANG_WARN_UNGUARDED_AVAILABILITY = YES_AGGRESSIVE;
				CLANG_WARN_UNREACHABLE_CODE = YES;
				CLANG_WARN__DUPLICATE_METHOD_MATCH = YES;
				COPY_PHASE_STRIP = NO;
				DEBUG_INFORMATION_FORMAT = "dwarf-with-dsym";
				ENABLE_NS_ASSERTIONS = NO;
				ENABLE_STRICT_OBJC_MSGSEND = YES;
				GCC_C_LANGUAGE_STANDARD = gnu11;
				GCC_NO_COMMON_BLOCKS = YES;
				GCC_WARN_64_TO_32_BIT_CONVERSION = YES;
				GCC_WARN_ABOUT_RETURN_TYPE = YES_ERROR;
				GCC_WARN_UNDECLARED_SELECTOR = YES;
				GCC_WARN_UNINITIALIZED_AUTOS = YES_AGGRESSIVE;
				GCC_WARN_UNUSED_FUNCTION = YES;
				GCC_WARN_UNUSED_VARIABLE = YES;
				IPHONEOS_DEPLOYMENT_TARGET = 16.4;
				MTL_ENABLE_DEBUG_INFO = NO;
				MTL_FAST_MATH = YES;
				SDKROOT = iphoneos;
				SWIFT_COMPILATION_MODE = wholemodule;
				SWIFT_OPTIMIZATION_LEVEL = "-O";
				VALIDATE_PRODUCT = YES;
			};
			name = Release;
		};
		335671022A31F1150028FA8B /* Debug */ = {
			isa = XCBuildConfiguration;
			buildSettings = {
				ASSETCATALOG_COMPILER_APPICON_NAME = AppIcon;
				ASSETCATALOG_COMPILER_GLOBAL_ACCENT_COLOR_NAME = AccentColor;
				CODE_SIGN_STYLE = Automatic;
				CURRENT_PROJECT_VERSION = 1;
				DEVELOPMENT_TEAM = HJ943JVKX7;
				GENERATE_INFOPLIST_FILE = YES;
				INFOPLIST_FILE = Translate/Info.plist;
				INFOPLIST_KEY_UIApplicationSupportsIndirectInputEvents = YES;
				INFOPLIST_KEY_UILaunchStoryboardName = LaunchScreen;
				INFOPLIST_KEY_UISupportedInterfaceOrientations_iPad = "UIInterfaceOrientationPortrait UIInterfaceOrientationPortraitUpsideDown UIInterfaceOrientationLandscapeLeft UIInterfaceOrientationLandscapeRight";
				INFOPLIST_KEY_UISupportedInterfaceOrientations_iPhone = "UIInterfaceOrientationPortrait UIInterfaceOrientationLandscapeLeft UIInterfaceOrientationLandscapeRight";
				LD_RUNPATH_SEARCH_PATHS = (
					"$(inherited)",
					"@executable_path/Frameworks",
				);
				MARKETING_VERSION = 1.0;
				PRODUCT_BUNDLE_IDENTIFIER = oasis444.Translate;
				PRODUCT_NAME = "$(TARGET_NAME)";
				SUPPORTED_PLATFORMS = "iphoneos iphonesimulator";
				SUPPORTS_MACCATALYST = NO;
				SUPPORTS_MAC_DESIGNED_FOR_IPHONE_IPAD = NO;
				SWIFT_EMIT_LOC_STRINGS = YES;
				SWIFT_VERSION = 5.0;
				TARGETED_DEVICE_FAMILY = "1,2";
			};
			name = Debug;
		};
		335671032A31F1150028FA8B /* Release */ = {
			isa = XCBuildConfiguration;
			buildSettings = {
				ASSETCATALOG_COMPILER_APPICON_NAME = AppIcon;
				ASSETCATALOG_COMPILER_GLOBAL_ACCENT_COLOR_NAME = AccentColor;
				CODE_SIGN_STYLE = Automatic;
				CURRENT_PROJECT_VERSION = 1;
				DEVELOPMENT_TEAM = HJ943JVKX7;
				GENERATE_INFOPLIST_FILE = YES;
				INFOPLIST_FILE = Translate/Info.plist;
				INFOPLIST_KEY_UIApplicationSupportsIndirectInputEvents = YES;
				INFOPLIST_KEY_UILaunchStoryboardName = LaunchScreen;
				INFOPLIST_KEY_UISupportedInterfaceOrientations_iPad = "UIInterfaceOrientationPortrait UIInterfaceOrientationPortraitUpsideDown UIInterfaceOrientationLandscapeLeft UIInterfaceOrientationLandscapeRight";
				INFOPLIST_KEY_UISupportedInterfaceOrientations_iPhone = "UIInterfaceOrientationPortrait UIInterfaceOrientationLandscapeLeft UIInterfaceOrientationLandscapeRight";
				LD_RUNPATH_SEARCH_PATHS = (
					"$(inherited)",
					"@executable_path/Frameworks",
				);
				MARKETING_VERSION = 1.0;
				PRODUCT_BUNDLE_IDENTIFIER = oasis444.Translate;
				PRODUCT_NAME = "$(TARGET_NAME)";
				SUPPORTED_PLATFORMS = "iphoneos iphonesimulator";
				SUPPORTS_MACCATALYST = NO;
				SUPPORTS_MAC_DESIGNED_FOR_IPHONE_IPAD = NO;
				SWIFT_EMIT_LOC_STRINGS = YES;
				SWIFT_VERSION = 5.0;
				TARGETED_DEVICE_FAMILY = "1,2";
			};
			name = Release;
		};
/* End XCBuildConfiguration section */

/* Begin XCConfigurationList section */
		335670E82A31F1140028FA8B /* Build configuration list for PBXProject "Translate" */ = {
			isa = XCConfigurationList;
			buildConfigurations = (
				335670FF2A31F1150028FA8B /* Debug */,
				335671002A31F1150028FA8B /* Release */,
			);
			defaultConfigurationIsVisible = 0;
			defaultConfigurationName = Release;
		};
		335671012A31F1150028FA8B /* Build configuration list for PBXNativeTarget "Translate" */ = {
			isa = XCConfigurationList;
			buildConfigurations = (
				335671022A31F1150028FA8B /* Debug */,
				335671032A31F1150028FA8B /* Release */,
			);
			defaultConfigurationIsVisible = 0;
			defaultConfigurationName = Release;
		};
/* End XCConfigurationList section */

/* Begin XCRemoteSwiftPackageReference section */
		335671042A31F1660028FA8B /* XCRemoteSwiftPackageReference "Alamofire" */ = {
			isa = XCRemoteSwiftPackageReference;
			repositoryURL = "https://github.com/Alamofire/Alamofire";
			requirement = {
				kind = upToNextMajorVersion;
				minimumVersion = 5.0.0;
			};
		};
		335671072A31F1750028FA8B /* XCRemoteSwiftPackageReference "SnapKit" */ = {
			isa = XCRemoteSwiftPackageReference;
			repositoryURL = "https://github.com/SnapKit/SnapKit";
			requirement = {
				kind = upToNextMajorVersion;
				minimumVersion = 5.0.0;
			};
		};
/* End XCRemoteSwiftPackageReference section */

/* Begin XCSwiftPackageProductDependency section */
		335671052A31F1660028FA8B /* Alamofire */ = {
			isa = XCSwiftPackageProductDependency;
			package = 335671042A31F1660028FA8B /* XCRemoteSwiftPackageReference "Alamofire" */;
			productName = Alamofire;
		};
		335671082A31F1750028FA8B /* SnapKit */ = {
			isa = XCSwiftPackageProductDependency;
			package = 335671072A31F1750028FA8B /* XCRemoteSwiftPackageReference "SnapKit" */;
			productName = SnapKit;
		};
/* End XCSwiftPackageProductDependency section */
	};
	rootObject = 335670E52A31F1140028FA8B /* Project object */;
}
